// !$*UTF8*$!
{ archiveVersion = 1; classes = {}; objectVersion = 56; objects = {
B17E00000000000000000001 = { isa = PBXFileReference; lastKnownFileType = sourcecode.swift; path = "BluetoothTally.swift"; sourceTree = "<group>"; };
B17E00000000000000000002 = { isa = PBXBuildFile; fileRef = B17E00000000000000000001; };
B17E00000000000000000003 = { isa = PBXFileReference; lastKnownFileType = sourcecode.swift; path = "BluetoothTallyView.swift"; sourceTree = "<group>"; };
B17E00000000000000000004 = { isa = PBXBuildFile; fileRef = B17E00000000000000000003; };
04F9D39503772AD276673274 = { isa = PBXFileReference; lastKnownFileType = sourcecode.swift; path = "Protocol.swift"; sourceTree = "<group>"; };
F3CC98365C69966CAF983174 = { isa = PBXBuildFile; fileRef = 04F9D39503772AD276673274; };
79A7305331A794CDE30B60B1 = { isa = PBXFileReference; lastKnownFileType = sourcecode.swift; path = "IntercomTransport.swift"; sourceTree = "<group>"; };
957A7C45615DC4A5473A2936 = { isa = PBXBuildFile; fileRef = 79A7305331A794CDE30B60B1; };
EF800B83BFF420872BB8593D = { isa = PBXFileReference; lastKnownFileType = sourcecode.swift; path = "VoiceAudio.swift"; sourceTree = "<group>"; };
D3C6E4A531711F8CFC868FDC = { isa = PBXBuildFile; fileRef = EF800B83BFF420872BB8593D; };
781E6FEECCF8CDF3D2DEE47F = { isa = PBXFileReference; lastKnownFileType = sourcecode.swift; path = "IntercomModel.swift"; sourceTree = "<group>"; };
2016591AC8FD7770867E6A06 = { isa = PBXBuildFile; fileRef = 781E6FEECCF8CDF3D2DEE47F; };
6A31ECC23FD313E53A955CA4 = { isa = PBXFileReference; lastKnownFileType = sourcecode.swift; path = "LiveProView.swift"; sourceTree = "<group>"; };
0BA1E381EB0406EC1DD85A93 = { isa = PBXBuildFile; fileRef = 6A31ECC23FD313E53A955CA4; };
78B0400DD801DD2EB4C92E89 = { isa = PBXFileReference; lastKnownFileType = sourcecode.swift; path = "LiveProApp.swift"; sourceTree = "<group>"; };
50FAFD2425347B79F9E6181C = { isa = PBXBuildFile; fileRef = 78B0400DD801DD2EB4C92E89; };
59BD0A3FF43B32849B319E64 = { isa = PBXFileReference; lastKnownFileType = text.plist.xml; path = Info.plist; sourceTree = "<group>"; };
3685E330EC5277A9DD5661C6 = { isa = PBXFileReference; lastKnownFileType = folder.assetcatalog; path = Assets.xcassets; sourceTree = "<group>"; };
8EFD5743999F168D176AB696 = { isa = PBXBuildFile; fileRef = 3685E330EC5277A9DD5661C6; };
AEAE4B28CDFF08F590396BA5 = { isa = PBXFileReference; lastKnownFileType = sourcecode.swift; path = ProtocolTests.swift; sourceTree = "<group>"; };
80FAC02A0BD5812E2A00F339 = { isa = PBXBuildFile; fileRef = AEAE4B28CDFF08F590396BA5; };
9B276F9A22EEC9554EF207BE = { isa = PBXBuildFile; fileRef = 04F9D39503772AD276673274; };
8BCD5BC4CDFDF0918087C782 = { isa = PBXFileReference; explicitFileType = wrapper.application; includeInIndex = 0; path = LivePro.app; sourceTree = BUILT_PRODUCTS_DIR; };
F219C0274590DA45E4BEF1EA = { isa = PBXFileReference; explicitFileType = wrapper.cfbundle; includeInIndex = 0; path = LiveProTests.xctest; sourceTree = BUILT_PRODUCTS_DIR; };
3A2A88DEEFF3D1D23E496597 = { isa = PBXGroup; children = (B17E00000000000000000001,B17E00000000000000000003,04F9D39503772AD276673274,79A7305331A794CDE30B60B1,EF800B83BFF420872BB8593D,781E6FEECCF8CDF3D2DEE47F,6A31ECC23FD313E53A955CA4,78B0400DD801DD2EB4C92E89,59BD0A3FF43B32849B319E64,3685E330EC5277A9DD5661C6,); path = LivePro; sourceTree = "<group>"; };
8B7A6DECC0651D269EA794C7 = { isa = PBXGroup; children = (AEAE4B28CDFF08F590396BA5,); path = LiveProTests; sourceTree = "<group>"; };
FBDC4F23F93125BBEEAE800C = { isa = PBXGroup; children = (8BCD5BC4CDFDF0918087C782,F219C0274590DA45E4BEF1EA,); name = Products; sourceTree = "<group>"; };
325F10A6957A34D66CB8C0E4 = { isa = PBXGroup; children = (3A2A88DEEFF3D1D23E496597,8B7A6DECC0651D269EA794C7,FBDC4F23F93125BBEEAE800C,); sourceTree = "<group>"; };
971ED9D05B25DB6C4D7680D4 = { isa = PBXSourcesBuildPhase; buildActionMask = 2147483647; files = (B17E00000000000000000002,B17E00000000000000000004,F3CC98365C69966CAF983174,957A7C45615DC4A5473A2936,D3C6E4A531711F8CFC868FDC,2016591AC8FD7770867E6A06,0BA1E381EB0406EC1DD85A93,50FAFD2425347B79F9E6181C,); runOnlyForDeploymentPostprocessing = 0; };
364863F9F2E558B0F50473FC = { isa = PBXResourcesBuildPhase; buildActionMask = 2147483647; files = (8EFD5743999F168D176AB696,); runOnlyForDeploymentPostprocessing = 0; };
78AE8C6BEB2A40A6D824CCEE = { isa = PBXFrameworksBuildPhase; buildActionMask = 2147483647; files = (); runOnlyForDeploymentPostprocessing = 0; };
6E431EB0650617AA1756B320 = { isa = PBXSourcesBuildPhase; buildActionMask = 2147483647; files = (80FAC02A0BD5812E2A00F339,9B276F9A22EEC9554EF207BE,); runOnlyForDeploymentPostprocessing = 0; };
7DED7670B79BEA8B7480B1FC = { isa = PBXResourcesBuildPhase; buildActionMask = 2147483647; files = (); runOnlyForDeploymentPostprocessing = 0; };
1ABF84E55BD30AC2CEF8FC42 = { isa = PBXFrameworksBuildPhase; buildActionMask = 2147483647; files = (); runOnlyForDeploymentPostprocessing = 0; };
89E1FD6268CC0F221A2BE178 = { isa = XCBuildConfiguration; buildSettings = {SDKROOT = iphoneos; IPHONEOS_DEPLOYMENT_TARGET = 15.0; SWIFT_VERSION = 5.0; CLANG_ENABLE_MODULES = YES; CLANG_ENABLE_OBJC_ARC = YES; CODE_SIGN_STYLE = Automatic; TARGETED_DEVICE_FAMILY = "1,2"; SUPPORTED_PLATFORMS = "iphoneos iphonesimulator"; SWIFT_OPTIMIZATION_LEVEL = "-Onone"; DEBUG_INFORMATION_FORMAT = dwarf; ENABLE_TESTABILITY = YES;}; name = Debug; };
E6DE6C99132752C914FEF632 = { isa = XCBuildConfiguration; buildSettings = {SDKROOT = iphoneos; IPHONEOS_DEPLOYMENT_TARGET = 15.0; SWIFT_VERSION = 5.0; CLANG_ENABLE_MODULES = YES; CLANG_ENABLE_OBJC_ARC = YES; CODE_SIGN_STYLE = Automatic; TARGETED_DEVICE_FAMILY = "1,2"; SUPPORTED_PLATFORMS = "iphoneos iphonesimulator"; SWIFT_OPTIMIZATION_LEVEL = "-O"; DEBUG_INFORMATION_FORMAT = "dwarf-with-dsym"; ENABLE_TESTABILITY = NO;}; name = Release; };
F8C70E4123C9AE82C42562CC = { isa = XCConfigurationList; buildConfigurations = (89E1FD6268CC0F221A2BE178,E6DE6C99132752C914FEF632,); defaultConfigurationIsVisible = 0; defaultConfigurationName = Release; };
E9B2E96ABC5F6856F2BE79CF = { isa = XCBuildConfiguration; buildSettings = {SDKROOT = iphoneos; IPHONEOS_DEPLOYMENT_TARGET = 15.0; SWIFT_VERSION = 5.0; CLANG_ENABLE_MODULES = YES; CLANG_ENABLE_OBJC_ARC = YES; CODE_SIGN_STYLE = Automatic; TARGETED_DEVICE_FAMILY = "1,2"; SUPPORTED_PLATFORMS = "iphoneos iphonesimulator"; PRODUCT_NAME = "$(TARGET_NAME)"; PRODUCT_BUNDLE_IDENTIFIER = com.livepro.intercom.ios; SWIFT_EMIT_LOC_STRINGS = YES; LD_RUNPATH_SEARCH_PATHS = "$(inherited) @executable_path/Frameworks @loader_path/Frameworks"; INFOPLIST_FILE = LivePro/Info.plist; ASSETCATALOG_COMPILER_APPICON_NAME = AppIcon; MARKETING_VERSION = 3.7.0; CURRENT_PROJECT_VERSION = 48; SUPPORTS_MACCATALYST = NO; ENABLE_PREVIEWS = YES;}; name = Debug; };
5A8C91857F674E16E2724F47 = { isa = XCBuildConfiguration; buildSettings = {SDKROOT = iphoneos; IPHONEOS_DEPLOYMENT_TARGET = 15.0; SWIFT_VERSION = 5.0; CLANG_ENABLE_MODULES = YES; CLANG_ENABLE_OBJC_ARC = YES; CODE_SIGN_STYLE = Automatic; TARGETED_DEVICE_FAMILY = "1,2"; SUPPORTED_PLATFORMS = "iphoneos iphonesimulator"; PRODUCT_NAME = "$(TARGET_NAME)"; PRODUCT_BUNDLE_IDENTIFIER = com.livepro.intercom.ios; SWIFT_EMIT_LOC_STRINGS = YES; LD_RUNPATH_SEARCH_PATHS = "$(inherited) @executable_path/Frameworks @loader_path/Frameworks"; INFOPLIST_FILE = LivePro/Info.plist; ASSETCATALOG_COMPILER_APPICON_NAME = AppIcon; MARKETING_VERSION = 3.7.0; CURRENT_PROJECT_VERSION = 48; SUPPORTS_MACCATALYST = NO; ENABLE_PREVIEWS = YES;}; name = Release; };
DA1189605F4160DBE5714E93 = { isa = XCConfigurationList; buildConfigurations = (E9B2E96ABC5F6856F2BE79CF,5A8C91857F674E16E2724F47,); defaultConfigurationIsVisible = 0; defaultConfigurationName = Release; };
FCB48D8F88BCDB0ED9FADFD7 = { isa = XCBuildConfiguration; buildSettings = {SDKROOT = iphoneos; IPHONEOS_DEPLOYMENT_TARGET = 15.0; SWIFT_VERSION = 5.0; CLANG_ENABLE_MODULES = YES; CLANG_ENABLE_OBJC_ARC = YES; CODE_SIGN_STYLE = Automatic; TARGETED_DEVICE_FAMILY = "1,2"; SUPPORTED_PLATFORMS = "iphoneos iphonesimulator"; PRODUCT_NAME = "$(TARGET_NAME)"; PRODUCT_BUNDLE_IDENTIFIER = com.livepro.intercom.ios.tests; SWIFT_EMIT_LOC_STRINGS = YES; LD_RUNPATH_SEARCH_PATHS = "$(inherited) @executable_path/Frameworks @loader_path/Frameworks"; GENERATE_INFOPLIST_FILE = YES;}; name = Debug; };
942EEBBACD6C88CAE7F29B29 = { isa = XCBuildConfiguration; buildSettings = {SDKROOT = iphoneos; IPHONEOS_DEPLOYMENT_TARGET = 15.0; SWIFT_VERSION = 5.0; CLANG_ENABLE_MODULES = YES; CLANG_ENABLE_OBJC_ARC = YES; CODE_SIGN_STYLE = Automatic; TARGETED_DEVICE_FAMILY = "1,2"; SUPPORTED_PLATFORMS = "iphoneos iphonesimulator"; PRODUCT_NAME = "$(TARGET_NAME)"; PRODUCT_BUNDLE_IDENTIFIER = com.livepro.intercom.ios.tests; SWIFT_EMIT_LOC_STRINGS = YES; LD_RUNPATH_SEARCH_PATHS = "$(inherited) @executable_path/Frameworks @loader_path/Frameworks"; GENERATE_INFOPLIST_FILE = YES;}; name = Release; };
9EF6890AD16AE447862048D8 = { isa = XCConfigurationList; buildConfigurations = (FCB48D8F88BCDB0ED9FADFD7,942EEBBACD6C88CAE7F29B29,); defaultConfigurationIsVisible = 0; defaultConfigurationName = Release; };
4F6027D858B72CC70E5CC8E9 = { isa = PBXNativeTarget; buildConfigurationList = DA1189605F4160DBE5714E93; buildPhases = (971ED9D05B25DB6C4D7680D4,78AE8C6BEB2A40A6D824CCEE,364863F9F2E558B0F50473FC,); buildRules = (); dependencies = (); name = LivePro; productName = LivePro; productReference = 8BCD5BC4CDFDF0918087C782; productType = "com.apple.product-type.application"; };
0A06C5E2DA34E686D888A695 = { isa = PBXNativeTarget; buildConfigurationList = 9EF6890AD16AE447862048D8; buildPhases = (6E431EB0650617AA1756B320,1ABF84E55BD30AC2CEF8FC42,7DED7670B79BEA8B7480B1FC,); buildRules = (); dependencies = (); name = LiveProTests; productName = LiveProTests; productReference = F219C0274590DA45E4BEF1EA; productType = "com.apple.product-type.bundle.unit-test"; };
98F54143AB4E86B28C3AFEE0 = { isa = PBXProject; attributes = { BuildIndependentTargetsInParallel = YES; LastUpgradeCheck = 1420; TargetAttributes = { 4F6027D858B72CC70E5CC8E9 = { CreatedOnToolsVersion = 14.2; }; 0A06C5E2DA34E686D888A695 = { CreatedOnToolsVersion = 14.2; }; }; }; buildConfigurationList = F8C70E4123C9AE82C42562CC; compatibilityVersion = "Xcode 14.0"; developmentRegion = vi; hasScannedForEncodings = 0; knownRegions = (vi,en,Base); mainGroup = 325F10A6957A34D66CB8C0E4; productRefGroup = FBDC4F23F93125BBEEAE800C; projectDirPath = ""; projectRoot = ""; targets = (4F6027D858B72CC70E5CC8E9,0A06C5E2DA34E686D888A695,); };
}; rootObject = 98F54143AB4E86B28C3AFEE0; }
